github.com/agext/levenshtein v1.2.1 h1:QmvMAjj2aEICytGiWzmxoE0x2KZvE0fvmqMOfy2tjT8=
github.com/agext/levenshtein v1.2.1/go.mod h1:JEDfjyjHDjOF/1e4FlBE/PkbqA9OfWu2ki2W0IB5558=
github.com/apparentlymart/go-textseg/v15 v15.0.0 h1:uYvfpb3DyLSCGWnctWKGj857c6ew1u1fNQOlOtuGxQY=
github.com/apparentlymart/go-textseg/v15 v15.0.0/go.mod h1:K8XmNZdhEBkdlyDdvbmmsvpAG721bKi0joRfFdHIWJ4=
github.com/apparentlymart/go-textseg/v17 v17.0.1 h1:bpMXRgQ5cEoRNuQke1a80/Nl6w3G5eoIbWo9f3gXkAs=
github.com/apparentlymart/go-textseg/v17 v17.0.1/go.mod h1:fa8X4jgGeevslICIY6LcdjkSecWnXmYd9Lk34z/VxZs=
github.com/davecgh/go-spew v1.1.1 h1:vj9j/u1bqnvCEfJOwUhtlOARqs3+rkHYY13jYWTU97c=
github.com/davecgh/go-spew v1.1.1/go.mod h1:J7Y8YcW2NihsgmVo/mv3lAwl/skON4iLHjSsI+c5H38=
github.com/go-attest/sign v0.2.0 h1:z//88JXt85RESxXRx6mVFvjQOXCytc8nz0NuAE+HeXk=
github.com/go-attest/sign v0.2.0/go.mod h1:CLkpJC9nVjcxP9teBAXAJiP5tin4KcF0n2ofwockNxY=
github.com/go-pkgx/bottle v0.44.0 h1:diTqyHTpAXJyaE7iHmuqmNSij8AzAF49szU1xuFXpWY=
github.com/go-pkgx/bottle v0.44.0/go.mod h1:FOVt2iSKs9nEMtP71uiPfQ4Ddvn+cSFFBV6UCEfLmFY=
github.com/go-test/deep v1.0.3 h1:ZrJSEWsXzPOxaZnFteGEfooLba+ju3FYIbOrS+rQd68=
github.com/go-test/deep v1.0.3/go.mod h1:wGDj63lr65AM2AQyKZd/NYHGb0R+1RLqB8NKt3aSFNA=
github.com/google/go-cmp v0.6.0 h1:ofyhxvXcZhMsU5ulbFiLKl/XBFqE1GSq7atu8tAmTRI=
github.com/google/go-cmp v0.6.0/go.mod h1:17dUlkBOakJ0+DkrSSNjCkIjxS6bF9zb3elmeNGIjoY=
github.com/hashicorp/hcl/v2 v2.25.0 h1:HmmQVYRny4MaBo4b20TjmL46wyuUxpnMWkPZ4+NTbWk=
github.com/hashicorp/hcl/v2 v2.25.0/go.mod h1:vR+FKETxoZAmRlHgFfKmuqivj+C4Izm/c66XkmZ3r7M=
github.com/klauspost/compress v1.20.1 h1:T7kKElXUMXrUJ2E9QhQhxFtcK5rPyLdsGZvdbLMPdiQ=
github.com/klauspost/compress v1.20.1/go.mod h1:LUdAzn7YLVvxLpc7y3V1m40wESHTgc1422pwwBSKYuI=
github.com/mitchellh/go-wordwrap v1.0.1 h1:TLuKupo69TCn6TQSyGxwI1EblZZEsQ0vMlAFQflz0v0=
github.com/mitchellh/go-wordwrap v1.0.1/go.mod h1:R62XHJLzvMFRBbcrT7m7WgmE1eOyTSsCt+hzestvNj0=
github.com/opencontainers/go-digest v1.0.0 h1:apOUWs51W5PlhuyGyz9FCeeBIOUDA/6nW8Oi/yOhh5U=
github.com/opencontainers/go-digest v1.0.0/go.mod h1:0JzlMkj0TRzQZfJkVvzbP0HBR3IKzErnv2BNG4W4MAM=
github.com/opencontainers/image-spec v1.1.1 h1:y0fUlFfIZhPF1W537XOLg0/fcx6zcHCJwooC2xJA040=
github.com/opencontainers/image-spec v1.1.1/go.mod h1:qpqAh3Dmcf36wStyyWU+kCeDgrGnAve2nCC8+7h8Q0M=
github.com/ulikunitz/xz v0.5.17 h1:flR0y/x1hgM8EGV1AW3Xll6T413G0glV8UfBwR617V4=
github.com/ulikunitz/xz v0.5.17/go.mod h1:H9Rt/W6/Qj27PGauhQc6nfCDy7vHpzsOThBSaYDoEhw=
github.com/zclconf/go-cty v1.19.0 h1:IV8WdqYZc2c5rLX9bEoLNXKojBAp0MZPBHMIrCoa/s4=
github.com/zclconf/go-cty v1.19.0/go.mod h1:12W89jGn3JCOIQi7infWr9m80rOkb5RNYJqXMZcN4c8=
github.com/zclconf/go-cty-debug v0.0.0-20240509010212-0d6042c53940 h1:4r45xpDWB6ZMSMNJFMOjqrGHynW3DIBuR2H9j0ug+Mo=
github.com/zclconf/go-cty-debug v0.0.0-20240509010212-0d6042c53940/go.mod h1:CmBdvvj3nqzfzJ6nTCIwDTPZ56aVGvDrmztiO5g3qrM=
golang.org/x/crypto v0.57.0 h1:3ZVCjf8Ggz7zneR/EHRVx68Ctf+2pmIMP2UFhh9cC6M=
golang.org/x/crypto v0.57.0/go.mod h1:Fdz0i5U6CoizGwLda9DttjSk6qlZo25zYNtR+ycvuZA=
golang.org/x/mod v0.41.0 h1:qJmnOUb4YB+FsEuM3HcWucdZASCPGhsX6uljO6pog0c=
golang.org/x/mod v0.41.0/go.mod h1:Ek9pY8RKWXwsWvd3rQiHYtMqkjSUV+s1Rj7j4H5Ur6o=
golang.org/x/sync v0.23.0 h1:KameEIfc1IkluZyXWLn39Wd4tURc6GbCiISGiZm2bQk=
golang.org/x/sync v0.23.0/go.mod h1:sUUOizhqBxiL6pEWpqNLUiaJn1ShEbZ6BBqskPbjZm0=
golang.org/x/sys v0.49.0 h1:XbzkgYJHdqh/8m2Uu0W/dQv8nktxx4BFHp1M0gROTXA=
golang.org/x/sys v0.49.0/go.mod h1:hNLxWAXmnKAxqDtdwIYC4bM9oQPEecfsnNMuSxOs3og=
golang.org/x/term v0.47.0 h1:cpyOwQkr2Nzxe2p6KnrTG7Ei2wtzjsuSjhpXXepZ/BM=
golang.org/x/term v0.47.0/go.mod h1:efAfAuG6RKABvg1ArGebRkvX6LXul14SM67o2e4mUCY=
golang.org/x/text v0.42.0 h1:JbOZXgfeCPU9gacVtYliJqOhD+zhrEqK4LfdpmlUZqI=
golang.org/x/text v0.42.0/go.mod h1:ojzP1Z+2QtioaF8DTtO8K5q7JWVVYwZKenzujK0Zd0E=
golang.org/x/tools v0.49.0 h1:3NI7VXzL9+1WZD52Dx2ttoPwD5DWrFGpl9mFZDlmisI=
golang.org/x/tools v0.49.0/go.mod h1:SJNXV9DBKT0UbdttsQjbfJlAE/q+y36++zo3uL3N0Oo=
gopkg.in/check.v1 v0.0.0-20161208181325-20d25e280405 h1:yhCVgyC4o1eVCa2tZl7eS0r+SDo693bJlVdllGtEeKM=
gopkg.in/check.v1 v0.0.0-20161208181325-20d25e280405/go.mod h1:Co6ibVJAznAaIkqp8huTwlJQCZ016jof/cbN4VW5Yz0=
gopkg.in/yaml.v3 v3.0.1 h1:fxVm/GzAzEWqLHuvctI91KS9hhNmmWOoWu0XTYJS7CA=
gopkg.in/yaml.v3 v3.0.1/go.mod h1:K4uyk7z7BCEPqu6E+C64Yfv1cQ7kz7rIZviUmN+EgEM=
oras.land/oras-go/v2 v2.6.2 h1:N04RXngAp1LJKTG6ifz3xHPipasEkWr+hFmInja5YKo=
oras.land/oras-go/v2 v2.6.2/go.mod h1:PlTtg4JTDJkDe8yVHpM2wz7/YDc00GVas+i4jAW2TZ4=
