github.com/agext/levenshtein v1.2.1 h1:QmvMAjj2aEICytGiWzmxoE0x2KZvE0fvmqMOfy2tjT8=
github.com/agext/levenshtein v1.2.1/go.mod h1:JEDfjyjHDjOF/1e4FlBE/PkbqA9OfWu2ki2W0IB5558=
github.com/apparentlymart/go-textseg/v15 v15.0.0 h1:uYvfpb3DyLSCGWnctWKGj857c6ew1u1fNQOlOtuGxQY=
github.com/apparentlymart/go-textseg/v15 v15.0.0/go.mod h1:K8XmNZdhEBkdlyDdvbmmsvpAG721bKi0joRfFdHIWJ4=
github.com/davecgh/go-spew v1.1.1 h1:vj9j/u1bqnvCEfJOwUhtlOARqs3+rkHYY13jYWTU97c=
github.com/davecgh/go-spew v1.1.1/go.mod h1:J7Y8YcW2NihsgmVo/mv3lAwl/skON4iLHjSsI+c5H38=
github.com/go-attest/sign v0.1.0 h1:HxDIf7vo1ZOgl+TdCyQQ9qXbwmJBu3LMOlkoIKMnZwc=
github.com/go-attest/sign v0.1.0/go.mod h1:V+wp/HvvQgVRb+de8UKH4OqvaRJhY4A7MiXwK8FyBuQ=
github.com/go-pkgx/bottle v0.11.0 h1:PR68z+LyLN61LL+bzOUMI2RfoV5MqKj9mJlHe7+K9OM=
github.com/go-pkgx/bottle v0.11.0/go.mod h1:EciP2Fayb9db7xGk5d+vZR3Zsaj4v4Vg6jzxqkI41Lw=
github.com/go-test/deep v1.0.3 h1:ZrJSEWsXzPOxaZnFteGEfooLba+ju3FYIbOrS+rQd68=
github.com/go-test/deep v1.0.3/go.mod h1:wGDj63lr65AM2AQyKZd/NYHGb0R+1RLqB8NKt3aSFNA=
github.com/google/go-cmp v0.6.0 h1:ofyhxvXcZhMsU5ulbFiLKl/XBFqE1GSq7atu8tAmTRI=
github.com/google/go-cmp v0.6.0/go.mod h1:17dUlkBOakJ0+DkrSSNjCkIjxS6bF9zb3elmeNGIjoY=
github.com/hashicorp/hcl/v2 v2.24.0 h1:2QJdZ454DSsYGoaE6QheQZjtKZSUs9Nh2izTWiwQxvE=
github.com/hashicorp/hcl/v2 v2.24.0/go.mod h1:oGoO1FIQYfn/AgyOhlg9qLC6/nOJPX3qGbkZpYAcqfM=
github.com/klauspost/compress v1.19.2 h1:hMRETovs/pu/dVWN7zIT1PGG8t509MwT6bO7XSi26R8=
github.com/klauspost/compress v1.19.2/go.mod h1:cwPg85FWrGar70rWktvGQj8/hthj3wpl0PGDogxkrSQ=
github.com/mitchellh/go-wordwrap v1.0.1 h1:TLuKupo69TCn6TQSyGxwI1EblZZEsQ0vMlAFQflz0v0=
github.com/mitchellh/go-wordwrap v1.0.1/go.mod h1:R62XHJLzvMFRBbcrT7m7WgmE1eOyTSsCt+hzestvNj0=
github.com/opencontainers/go-digest v1.0.0 h1:apOUWs51W5PlhuyGyz9FCeeBIOUDA/6nW8Oi/yOhh5U=
github.com/opencontainers/go-digest v1.0.0/go.mod h1:0JzlMkj0TRzQZfJkVvzbP0HBR3IKzErnv2BNG4W4MAM=
github.com/opencontainers/image-spec v1.1.1 h1:y0fUlFfIZhPF1W537XOLg0/fcx6zcHCJwooC2xJA040=
github.com/opencontainers/image-spec v1.1.1/go.mod h1:qpqAh3Dmcf36wStyyWU+kCeDgrGnAve2nCC8+7h8Q0M=
github.com/ulikunitz/xz v0.5.16 h1:ld6NyySjx5lowVKwJvMRLnW5nxKX/xnpSiFYZ/Lxur0=
github.com/ulikunitz/xz v0.5.16/go.mod h1:H9Rt/W6/Qj27PGauhQc6nfCDy7vHpzsOThBSaYDoEhw=
github.com/zclconf/go-cty v1.16.3 h1:osr++gw2T61A8KVYHoQiFbFd1Lh3JOCXc/jFLJXKTxk=
github.com/zclconf/go-cty v1.16.3/go.mod h1:VvMs5i0vgZdhYawQNq5kePSpLAoz8u1xvZgrPIxfnZE=
github.com/zclconf/go-cty-debug v0.0.0-20240509010212-0d6042c53940 h1:4r45xpDWB6ZMSMNJFMOjqrGHynW3DIBuR2H9j0ug+Mo=
github.com/zclconf/go-cty-debug v0.0.0-20240509010212-0d6042c53940/go.mod h1:CmBdvvj3nqzfzJ6nTCIwDTPZ56aVGvDrmztiO5g3qrM=
golang.org/x/crypto v0.54.0 h1:YLIA59K4fiNzHzjnZt2tUJQjQtUWfWbeHBqKtk3eScw=
golang.org/x/crypto v0.54.0/go.mod h1:KWL8ny2AZdGR2cWmzeHrp2azQPGogOv+HeQaVEXC2dk=
golang.org/x/mod v0.37.0 h1:vF1DjpVEshcIqoEaauuHebaLk1O1forxjxBaVn884JQ=
golang.org/x/mod v0.37.0/go.mod h1:m8S8VeM9r4dzDwjrKO0a1sZP3YjeMamRRlD+fmR2Q/0=
golang.org/x/sync v0.22.0 h1:SZjpbeLmrCk4xhRSZFNZW5gFUeCeFgjekvI/+gfScek=
golang.org/x/sync v0.22.0/go.mod h1:9xrNwdLfx4jkKbNva9FpL6vEN7evnE43NNNJQ2LF3+0=
golang.org/x/sys v0.47.0 h1:o7XGOvZQCADBQQ4Y7VNq2dRWQR7JmOUW8Kxx4ZsNgWs=
golang.org/x/sys v0.47.0/go.mod h1:4GL1E5IUh+htKOUEOaiffhrAeqysfVGipDYzABqnCmw=
golang.org/x/text v0.40.0 h1:Ub2Z6/xjgF1WrYQz2nuITOEegKFtiIy+rieRJ5lHZKs=
golang.org/x/text v0.40.0/go.mod h1:hpnzDAfGV753zIKo+wk3u1bVKCGPbrnF7+7LBF/UHVY=
golang.org/x/tools v0.47.0 h1:7Kn5x/d1svx/PzryTsqeoZN4TZwqeH5pGWjefhLi/1Q=
golang.org/x/tools v0.47.0/go.mod h1:dFHnyTvFWY212G+h7ZY4Vsp/K3U4/7W9TyVaAul8uCA=
gopkg.in/check.v1 v0.0.0-20161208181325-20d25e280405 h1:yhCVgyC4o1eVCa2tZl7eS0r+SDo693bJlVdllGtEeKM=
gopkg.in/check.v1 v0.0.0-20161208181325-20d25e280405/go.mod h1:Co6ibVJAznAaIkqp8huTwlJQCZ016jof/cbN4VW5Yz0=
gopkg.in/yaml.v3 v3.0.1 h1:fxVm/GzAzEWqLHuvctI91KS9hhNmmWOoWu0XTYJS7CA=
gopkg.in/yaml.v3 v3.0.1/go.mod h1:K4uyk7z7BCEPqu6E+C64Yfv1cQ7kz7rIZviUmN+EgEM=
oras.land/oras-go/v2 v2.6.2 h1:N04RXngAp1LJKTG6ifz3xHPipasEkWr+hFmInja5YKo=
oras.land/oras-go/v2 v2.6.2/go.mod h1:PlTtg4JTDJkDe8yVHpM2wz7/YDc00GVas+i4jAW2TZ4=
